
Microsoft Visual Studio Solution File, Format Version 12.00
# Visual Studio 15
VisualStudioVersion = 15.0.26403.7
MinimumVisualStudioVersion = 10.0.40219.1
Project("{FAE04EC0-301F-11D3-BF4B-00C04F79EFBC}") = "ButtplugCLI", "ButtplugCLI\ButtplugCLI.csproj", "{C0BA242A-F1CE-45B4-9493-39700FE03F3A}"
EndProject
Project("{FAE04EC0-301F-11D3-BF4B-00C04F79EFBC}") = "Buttplug", "Buttplug\Buttplug.csproj", "{FBCDA853-1821-4498-AB5D-DF845C640C5A}"
EndProject
Global
	GlobalSection(SolutionConfigurationPlatforms) = preSolution
		Debug|Any CPU = Debug|Any CPU
		Debug|ARM = Debug|ARM
		Debug|x64 = Debug|x64
		Debug|x86 = Debug|x86
		Release|Any CPU = Release|Any CPU
		Release|ARM = Release|ARM
		Release|x64 = Release|x64
		Release|x86 = Release|x86
	EndGlobalSection
	GlobalSection(ProjectConfigurationPlatforms) = postSolution
		{C0BA242A-F1CE-45B4-9493-39700FE03F3A}.Debug|Any CPU.ActiveCfg = Debug|Any CPU
		{C0BA242A-F1CE-45B4-9493-39700FE03F3A}.Debug|Any CPU.Build.0 = Debug|Any CPU
		{C0BA242A-F1CE-45B4-9493-39700FE03F3A}.Debug|ARM.ActiveCfg = Debug|Any CPU
		{C0BA242A-F1CE-45B4-9493-39700FE03F3A}.Debug|ARM.Build.0 = Debug|Any CPU
		{C0BA242A-F1CE-45B4-9493-39700FE03F3A}.Debug|x64.ActiveCfg = Debug|Any CPU
		{C0BA242A-F1CE-45B4-9493-39700FE03F3A}.Debug|x64.Build.0 = Debug|Any CPU
		{C0BA242A-F1CE-45B4-9493-39700FE03F3A}.Debug|x86.ActiveCfg = Debug|Any CPU
		{C0BA242A-F1CE-45B4-9493-39700FE03F3A}.Debug|x86.Build.0 = Debug|Any CPU
		{C0BA242A-F1CE-45B4-9493-39700FE03F3A}.Release|Any CPU.ActiveCfg = Release|Any CPU
		{C0BA242A-F1CE-45B4-9493-39700FE03F3A}.Release|Any CPU.Build.0 = Release|Any CPU
		{C0BA242A-F1CE-45B4-9493-39700FE03F3A}.Release|ARM.ActiveCfg = Release|Any CPU
		{C0BA242A-F1CE-45B4-9493-39700FE03F3A}.Release|ARM.Build.0 = Release|Any CPU
		{C0BA242A-F1CE-45B4-9493-39700FE03F3A}.Release|x64.ActiveCfg = Release|Any CPU
		{C0BA242A-F1CE-45B4-9493-39700FE03F3A}.Release|x64.Build.0 = Release|Any CPU
		{C0BA242A-F1CE-45B4-9493-39700FE03F3A}.Release|x86.ActiveCfg = Release|Any CPU
		{C0BA242A-F1CE-45B4-9493-39700FE03F3A}.Release|x86.Build.0 = Release|Any CPU
		{FBCDA853-1821-4498-AB5D-DF845C640C5A}.Debug|Any CPU.ActiveCfg = Debug|Any CPU
		{FBCDA853-1821-4498-AB5D-DF845C640C5A}.Debug|Any CPU.Build.0 = Debug|Any CPU
		{FBCDA853-1821-4498-AB5D-DF845C640C5A}.Debug|ARM.ActiveCfg = Debug|Any CPU
		{FBCDA853-1821-4498-AB5D-DF845C640C5A}.Debug|ARM.Build.0 = Debug|Any CPU
		{FBCDA853-1821-4498-AB5D-DF845C640C5A}.Debug|x64.ActiveCfg = Debug|Any CPU
		{FBCDA853-1821-4498-AB5D-DF845C640C5A}.Debug|x64.Build.0 = Debug|Any CPU
		{FBCDA853-1821-4498-AB5D-DF845C640C5A}.Debug|x86.ActiveCfg = Debug|Any CPU
		{FBCDA853-1821-4498-AB5D-DF845C640C5A}.Debug|x86.Build.0 = Debug|Any CPU
		{FBCDA853-1821-4498-AB5D-DF845C640C5A}.Release|Any CPU.ActiveCfg = Release|Any CPU
		{FBCDA853-1821-4498-AB5D-DF845C640C5A}.Release|Any CPU.Build.0 = Release|Any CPU
		{FBCDA853-1821-4498-AB5D-DF845C640C5A}.Release|ARM.ActiveCfg = Release|Any CPU
		{FBCDA853-1821-4498-AB5D-DF845C640C5A}.Release|ARM.Build.0 = Release|Any CPU
		{FBCDA853-1821-4498-AB5D-DF845C640C5A}.Release|x64.ActiveCfg = Release|Any CPU
		{FBCDA853-1821-4498-AB5D-DF845C640C5A}.Release|x64.Build.0 = Release|Any CPU
		{FBCDA853-1821-4498-AB5D-DF845C640C5A}.Release|x86.ActiveCfg = Release|Any CPU
		{FBCDA853-1821-4498-AB5D-DF845C640C5A}.Release|x86.Build.0 = Release|Any CPU
	EndGlobalSection
	GlobalSection(SolutionProperties) = preSolution
		HideSolutionNode = FALSE
	EndGlobalSection
EndGlobal
