
Microsoft Visual Studio Solution File, Format Version 12.00
# Visual Studio 15
VisualStudioVersion = 15.0.26430.13
MinimumVisualStudioVersion = 10.0.40219.1
Project("{FAE04EC0-301F-11D3-BF4B-00C04F79EFBC}") = "Buttplug", "Buttplug\Buttplug.csproj", "{23D9EC18-2DBA-4149-A951-B84786D4BFA6}"
EndProject
Project("{FAE04EC0-301F-11D3-BF4B-00C04F79EFBC}") = "ButtplugCLI", "ButtplugCLI\ButtplugCLI.csproj", "{C910C044-1613-407E-9E42-70B616157DA9}"
EndProject
Project("{FAE04EC0-301F-11D3-BF4B-00C04F79EFBC}") = "ButtplugTest", "ButtplugTest\ButtplugTest.csproj", "{CADDB981-1F47-4BAF-8718-9970E46C3018}"
EndProject
Project("{FAE04EC0-301F-11D3-BF4B-00C04F79EFBC}") = "ButtplugKiirooPlatformEmulator", "ButtplugKiirooPlatformEmulator\ButtplugKiirooPlatformEmulator.csproj", "{C606B29A-EE61-452C-8557-9DC9B37E87D1}"
EndProject
Project("{FAE04EC0-301F-11D3-BF4B-00C04F79EFBC}") = "ButtplugUWPBluetoothManager", "ButtplugUWPBluetoothManager\ButtplugUWPBluetoothManager.csproj", "{223EA194-8318-4189-BEC8-73734C3F4A78}"
EndProject
Project("{FAE04EC0-301F-11D3-BF4B-00C04F79EFBC}") = "ButtplugUWPGamepadManager", "ButtplugUWPGamepadManager\ButtplugUWPGamepadManager.csproj", "{521AED4A-AB69-4712-99BA-02EFDF99DEB8}"
EndProject
Project("{FAE04EC0-301F-11D3-BF4B-00C04F79EFBC}") = "ButtplugXInputGamepadManager", "ButtplugXInputGamepadManager\ButtplugXInputGamepadManager.csproj", "{C7D040E1-E18E-4F51-859F-CFF8AA57BD64}"
EndProject
Project("{FAE04EC0-301F-11D3-BF4B-00C04F79EFBC}") = "ButtplugGUITest", "ButtplugGUITest\ButtplugGUITest.csproj", "{DA1D2401-38BB-4822-BBCB-69873CB78394}"
EndProject
Project("{FAE04EC0-301F-11D3-BF4B-00C04F79EFBC}") = "ButtplugWebsockets", "ButtplugWebsockets\ButtplugWebsockets.csproj", "{301D7A68-634F-4A0E-BCF2-772F7DBB4B6E}"
EndProject
Project("{FAE04EC0-301F-11D3-BF4B-00C04F79EFBC}") = "ButtplugServerGUI", "ButtplugServerGUI\ButtplugServerGUI.csproj", "{F1DEE23B-7608-4AD6-B894-ED5E1EDA65D1}"
EndProject
Project("{FAE04EC0-301F-11D3-BF4B-00C04F79EFBC}") = "ButtplugControlLibrary", "ButtplugControlLibrary\ButtplugControlLibrary.csproj", "{0E0D1E27-9EFD-4A07-B6AA-BB556205C002}"
EndProject
Project("{FAE04EC0-301F-11D3-BF4B-00C04F79EFBC}") = "ButtplugKiirooEmulatorGUI", "ButtplugKiirooEmulatorGUI\ButtplugKiirooEmulatorGUI.csproj", "{76E03B47-DCA6-49D1-99C2-2EA28D3A8E78}"
EndProject
Project("{FAE04EC0-301F-11D3-BF4B-00C04F79EFBC}") = "websocket-sharp", "dependencies\websocket-sharp\websocket-sharp\websocket-sharp.csproj", "{B357BAC7-529E-4D81-A0D2-71041B19C8DE}"
EndProject
Global
	GlobalSection(SolutionConfigurationPlatforms) = preSolution
		Debug|Any CPU = Debug|Any CPU
		Release|Any CPU = Release|Any CPU
	EndGlobalSection
	GlobalSection(ProjectConfigurationPlatforms) = postSolution
		{23D9EC18-2DBA-4149-A951-B84786D4BFA6}.Debug|Any CPU.ActiveCfg = Debug|Any CPU
		{23D9EC18-2DBA-4149-A951-B84786D4BFA6}.Debug|Any CPU.Build.0 = Debug|Any CPU
		{23D9EC18-2DBA-4149-A951-B84786D4BFA6}.Release|Any CPU.ActiveCfg = Release|Any CPU
		{23D9EC18-2DBA-4149-A951-B84786D4BFA6}.Release|Any CPU.Build.0 = Release|Any CPU
		{C910C044-1613-407E-9E42-70B616157DA9}.Debug|Any CPU.ActiveCfg = Debug|Any CPU
		{C910C044-1613-407E-9E42-70B616157DA9}.Debug|Any CPU.Build.0 = Debug|Any CPU
		{C910C044-1613-407E-9E42-70B616157DA9}.Release|Any CPU.ActiveCfg = Release|Any CPU
		{C910C044-1613-407E-9E42-70B616157DA9}.Release|Any CPU.Build.0 = Release|Any CPU
		{CADDB981-1F47-4BAF-8718-9970E46C3018}.Debug|Any CPU.ActiveCfg = Debug|Any CPU
		{CADDB981-1F47-4BAF-8718-9970E46C3018}.Debug|Any CPU.Build.0 = Debug|Any CPU
		{CADDB981-1F47-4BAF-8718-9970E46C3018}.Release|Any CPU.ActiveCfg = Release|Any CPU
		{CADDB981-1F47-4BAF-8718-9970E46C3018}.Release|Any CPU.Build.0 = Release|Any CPU
		{C606B29A-EE61-452C-8557-9DC9B37E87D1}.Debug|Any CPU.ActiveCfg = Debug|Any CPU
		{C606B29A-EE61-452C-8557-9DC9B37E87D1}.Debug|Any CPU.Build.0 = Debug|Any CPU
		{C606B29A-EE61-452C-8557-9DC9B37E87D1}.Release|Any CPU.ActiveCfg = Release|Any CPU
		{C606B29A-EE61-452C-8557-9DC9B37E87D1}.Release|Any CPU.Build.0 = Release|Any CPU
		{223EA194-8318-4189-BEC8-73734C3F4A78}.Debug|Any CPU.ActiveCfg = Debug|Any CPU
		{223EA194-8318-4189-BEC8-73734C3F4A78}.Debug|Any CPU.Build.0 = Debug|Any CPU
		{223EA194-8318-4189-BEC8-73734C3F4A78}.Release|Any CPU.ActiveCfg = Release|Any CPU
		{223EA194-8318-4189-BEC8-73734C3F4A78}.Release|Any CPU.Build.0 = Release|Any CPU
		{521AED4A-AB69-4712-99BA-02EFDF99DEB8}.Debug|Any CPU.ActiveCfg = Debug|Any CPU
		{521AED4A-AB69-4712-99BA-02EFDF99DEB8}.Debug|Any CPU.Build.0 = Debug|Any CPU
		{521AED4A-AB69-4712-99BA-02EFDF99DEB8}.Release|Any CPU.ActiveCfg = Release|Any CPU
		{521AED4A-AB69-4712-99BA-02EFDF99DEB8}.Release|Any CPU.Build.0 = Release|Any CPU
		{C7D040E1-E18E-4F51-859F-CFF8AA57BD64}.Debug|Any CPU.ActiveCfg = Debug|Any CPU
		{C7D040E1-E18E-4F51-859F-CFF8AA57BD64}.Debug|Any CPU.Build.0 = Debug|Any CPU
		{C7D040E1-E18E-4F51-859F-CFF8AA57BD64}.Release|Any CPU.ActiveCfg = Release|Any CPU
		{C7D040E1-E18E-4F51-859F-CFF8AA57BD64}.Release|Any CPU.Build.0 = Release|Any CPU
		{DA1D2401-38BB-4822-BBCB-69873CB78394}.Debug|Any CPU.ActiveCfg = Debug|Any CPU
		{DA1D2401-38BB-4822-BBCB-69873CB78394}.Debug|Any CPU.Build.0 = Debug|Any CPU
		{DA1D2401-38BB-4822-BBCB-69873CB78394}.Release|Any CPU.ActiveCfg = Release|Any CPU
		{DA1D2401-38BB-4822-BBCB-69873CB78394}.Release|Any CPU.Build.0 = Release|Any CPU
		{301D7A68-634F-4A0E-BCF2-772F7DBB4B6E}.Debug|Any CPU.ActiveCfg = Debug|Any CPU
		{301D7A68-634F-4A0E-BCF2-772F7DBB4B6E}.Debug|Any CPU.Build.0 = Debug|Any CPU
		{301D7A68-634F-4A0E-BCF2-772F7DBB4B6E}.Release|Any CPU.ActiveCfg = Release|Any CPU
		{301D7A68-634F-4A0E-BCF2-772F7DBB4B6E}.Release|Any CPU.Build.0 = Release|Any CPU
		{F1DEE23B-7608-4AD6-B894-ED5E1EDA65D1}.Debug|Any CPU.ActiveCfg = Debug|Any CPU
		{F1DEE23B-7608-4AD6-B894-ED5E1EDA65D1}.Debug|Any CPU.Build.0 = Debug|Any CPU
		{F1DEE23B-7608-4AD6-B894-ED5E1EDA65D1}.Release|Any CPU.ActiveCfg = Release|Any CPU
		{F1DEE23B-7608-4AD6-B894-ED5E1EDA65D1}.Release|Any CPU.Build.0 = Release|Any CPU
		{0E0D1E27-9EFD-4A07-B6AA-BB556205C002}.Debug|Any CPU.ActiveCfg = Debug|Any CPU
		{0E0D1E27-9EFD-4A07-B6AA-BB556205C002}.Debug|Any CPU.Build.0 = Debug|Any CPU
		{0E0D1E27-9EFD-4A07-B6AA-BB556205C002}.Release|Any CPU.ActiveCfg = Release|Any CPU
		{0E0D1E27-9EFD-4A07-B6AA-BB556205C002}.Release|Any CPU.Build.0 = Release|Any CPU
		{76E03B47-DCA6-49D1-99C2-2EA28D3A8E78}.Debug|Any CPU.ActiveCfg = Debug|Any CPU
		{76E03B47-DCA6-49D1-99C2-2EA28D3A8E78}.Debug|Any CPU.Build.0 = Debug|Any CPU
		{76E03B47-DCA6-49D1-99C2-2EA28D3A8E78}.Release|Any CPU.ActiveCfg = Release|Any CPU
		{76E03B47-DCA6-49D1-99C2-2EA28D3A8E78}.Release|Any CPU.Build.0 = Release|Any CPU
		{B357BAC7-529E-4D81-A0D2-71041B19C8DE}.Debug|Any CPU.ActiveCfg = Debug|Any CPU
		{B357BAC7-529E-4D81-A0D2-71041B19C8DE}.Debug|Any CPU.Build.0 = Debug|Any CPU
		{B357BAC7-529E-4D81-A0D2-71041B19C8DE}.Release|Any CPU.ActiveCfg = Release|Any CPU
		{B357BAC7-529E-4D81-A0D2-71041B19C8DE}.Release|Any CPU.Build.0 = Release|Any CPU
	EndGlobalSection
	GlobalSection(SolutionProperties) = preSolution
		HideSolutionNode = FALSE
	EndGlobalSection
EndGlobal
