
Microsoft Visual Studio Solution File, Format Version 12.00
# Visual Studio 15
VisualStudioVersion = 15.0.27004.2009
MinimumVisualStudioVersion = 10.0.40219.1
Project("{9A19103F-16F7-4668-BE54-9A1E7A4F7556}") = "Buttplug.Core", "Buttplug.Core\Buttplug.Core.csproj", "{FC4AF8FE-8C21-4E07-8D24-7FB7791149D0}"
EndProject
Project("{FAE04EC0-301F-11D3-BF4B-00C04F79EFBC}") = "Buttplug.ProjectFiles", "Buttplug.ProjectFiles\Buttplug.ProjectFiles.csproj", "{437B1971-00B6-4638-A700-756F4B7610AA}"
EndProject
Project("{9A19103F-16F7-4668-BE54-9A1E7A4F7556}") = "Buttplug.Client", "Buttplug.Client\Buttplug.Client.csproj", "{1592D845-8FE5-4F33-A665-D7675C9AAEE4}"
EndProject
Project("{9A19103F-16F7-4668-BE54-9A1E7A4F7556}") = "Buttplug.Server", "Buttplug.Server\Buttplug.Server.csproj", "{23D9EC18-2DBA-4149-A951-B84786D4BFA6}"
EndProject
Project("{FAE04EC0-301F-11D3-BF4B-00C04F79EFBC}") = "Buttplug.Client.Test", "Buttplug.Client.Test\Buttplug.Client.Test.csproj", "{F8AAA25F-6C62-4BCC-A916-9B52B9A01F52}"
EndProject
Project("{FAE04EC0-301F-11D3-BF4B-00C04F79EFBC}") = "Buttplug.Server.Test", "Buttplug.Server.Test\Buttplug.Server.Test.csproj", "{CADDB981-1F47-4BAF-8718-9970E46C3018}"
EndProject
Project("{FAE04EC0-301F-11D3-BF4B-00C04F79EFBC}") = "Buttplug.Server.Managers.UWPBluetoothManager", "Buttplug.Server.Managers.UWPBluetoothManager\Buttplug.Server.Managers.UWPBluetoothManager.csproj", "{223EA194-8318-4189-BEC8-73734C3F4A78}"
EndProject
Project("{FAE04EC0-301F-11D3-BF4B-00C04F79EFBC}") = "Buttplug.Server.Managers.XInputGamepadManager", "Buttplug.Server.Managers.XInputGamepadManager\Buttplug.Server.Managers.XInputGamepadManager.csproj", "{C7D040E1-E18E-4F51-859F-CFF8AA57BD64}"
EndProject
Project("{FAE04EC0-301F-11D3-BF4B-00C04F79EFBC}") = "Buttplug.Components.WebsocketServer", "Buttplug.Components.WebsocketServer\Buttplug.Components.WebsocketServer.csproj", "{301D7A68-634F-4A0E-BCF2-772F7DBB4B6E}"
EndProject
Project("{FAE04EC0-301F-11D3-BF4B-00C04F79EFBC}") = "Buttplug.Apps.KiirooEmulatorGUI", "Buttplug.Apps.KiirooEmulatorGUI\Buttplug.Apps.KiirooEmulatorGUI.csproj", "{76E03B47-DCA6-49D1-99C2-2EA28D3A8E78}"
EndProject
Project("{FAE04EC0-301F-11D3-BF4B-00C04F79EFBC}") = "Buttplug.Components.KiirooPlatformEmulator", "Buttplug.Components.KiirooPlatformEmulator\Buttplug.Components.KiirooPlatformEmulator.csproj", "{C606B29A-EE61-452C-8557-9DC9B37E87D1}"
EndProject
Project("{FAE04EC0-301F-11D3-BF4B-00C04F79EFBC}") = "Buttplug.Components.Controls", "Buttplug.Components.Controls\Buttplug.Components.Controls.csproj", "{0E0D1E27-9EFD-4A07-B6AA-BB556205C002}"
EndProject
Project("{FAE04EC0-301F-11D3-BF4B-00C04F79EFBC}") = "Buttplug.Apps.KiirooEmulatorGUI.Test", "Buttplug.Apps.KiirooEmulatorGUI.Test\Buttplug.Apps.KiirooEmulatorGUI.Test.csproj", "{DA1D2401-38BB-4822-BBCB-69873CB78395}"
EndProject
Project("{FAE04EC0-301F-11D3-BF4B-00C04F79EFBC}") = "Buttplug.Apps.ServerGUI", "Buttplug.Apps.ServerGUI\Buttplug.Apps.ServerGUI.csproj", "{F1DEE23B-7608-4AD6-B894-ED5E1EDA65D1}"
EndProject
Project("{FAE04EC0-301F-11D3-BF4B-00C04F79EFBC}") = "Buttplug.Apps.ServerGUI.Test", "Buttplug.Apps.ServerGUI.Test\Buttplug.Apps.ServerGUI.Test.csproj", "{DA1D2401-38BB-4822-BBCB-69873CB78394}"
EndProject
Project("{FAE04EC0-301F-11D3-BF4B-00C04F79EFBC}") = "Buttplug.Apps.GameVibrationRouter.GUI", "Buttplug.Apps.GameVibrationRouter.GUI\Buttplug.Apps.GameVibrationRouter.GUI.csproj", "{C5244A21-A2F0-4505-BE96-431F045D8163}"
EndProject
Project("{FAE04EC0-301F-11D3-BF4B-00C04F79EFBC}") = "Buttplug.Apps.GameVibrationRouter.Interface", "Buttplug.Apps.GameVibrationRouter.Interface\Buttplug.Apps.GameVibrationRouter.Interface.csproj", "{0D0DC1A1-BFB6-4B97-88C6-7FB7A31533DC}"
EndProject
Project("{FAE04EC0-301F-11D3-BF4B-00C04F79EFBC}") = "Buttplug.Apps.GameVibrationRouter.Payload", "Buttplug.Apps.GameVibrationRouter.Payload\Buttplug.Apps.GameVibrationRouter.Payload.csproj", "{DACAECFE-B190-4584-B50E-0BAAD557F0CE}"
EndProject
Project("{FAE04EC0-301F-11D3-BF4B-00C04F79EFBC}") = "Buttplug.Apps.ExampleClientGUI", "Buttplug.Apps.ExampleClientGUI\Buttplug.Apps.ExampleClientGUI.csproj", "{A9A0B839-BF6F-4016-966A-64A6F122D65B}"
EndProject
Project("{FAE04EC0-301F-11D3-BF4B-00C04F79EFBC}") = "Buttplug.Apps.DeviceSimulatorGUI", "Buttplug.Apps.DeviceSimulatorGUI\Buttplug.Apps.DeviceSimulatorGUI.csproj", "{EBF5270A-54CB-4328-8E54-37972920EF1D}"
EndProject
Project("{FAE04EC0-301F-11D3-BF4B-00C04F79EFBC}") = "Buttplug.Server.Managers.SimulatorManager", "Buttplug.Server.Managers.SimulatorManager\Buttplug.Server.Managers.SimulatorManager.csproj", "{334D5731-7619-471E-85C3-240831514741}"
EndProject
Project("{FAE04EC0-301F-11D3-BF4B-00C04F79EFBC}") = "Buttplug.Server.Managers.ETSerialManager", "Buttplug.Server.Managers.ETSerialManager\Buttplug.Server.Managers.ETSerialManager.csproj", "{436CF4FF-AE10-45DA-8909-9AACF1ED6425}"
EndProject
Project("{FAE04EC0-301F-11D3-BF4B-00C04F79EFBC}") = "Buttplug.Server.Managers.WinUSBManager", "Buttplug.Server.Managers.WinUSBManager\Buttplug.Server.Managers.WinUSBManager.csproj", "{0F5DAB4B-184B-4B7E-9F40-339C7F5E216F}"
EndProject
Project("{FAE04EC0-301F-11D3-BF4B-00C04F79EFBC}") = "Buttplug.Server.Managers.HidManager", "Buttplug.Server.Managers.HidManager\Buttplug.Server.Managers.HidManager.csproj", "{83574729-6EB4-43E9-B7CC-AC5725380038}"
EndProject
Global
	GlobalSection(SolutionConfigurationPlatforms) = preSolution
		Debug|Any CPU = Debug|Any CPU
		Release|Any CPU = Release|Any CPU
	EndGlobalSection
	GlobalSection(ProjectConfigurationPlatforms) = postSolution
		{FC4AF8FE-8C21-4E07-8D24-7FB7791149D0}.Debug|Any CPU.ActiveCfg = Debug|Any CPU
		{FC4AF8FE-8C21-4E07-8D24-7FB7791149D0}.Debug|Any CPU.Build.0 = Debug|Any CPU
		{FC4AF8FE-8C21-4E07-8D24-7FB7791149D0}.Release|Any CPU.ActiveCfg = Release|Any CPU
		{FC4AF8FE-8C21-4E07-8D24-7FB7791149D0}.Release|Any CPU.Build.0 = Release|Any CPU
		{437B1971-00B6-4638-A700-756F4B7610AA}.Debug|Any CPU.ActiveCfg = Release|Any CPU
		{437B1971-00B6-4638-A700-756F4B7610AA}.Release|Any CPU.ActiveCfg = Release|Any CPU
		{1592D845-8FE5-4F33-A665-D7675C9AAEE4}.Debug|Any CPU.ActiveCfg = Debug|Any CPU
		{1592D845-8FE5-4F33-A665-D7675C9AAEE4}.Debug|Any CPU.Build.0 = Debug|Any CPU
		{1592D845-8FE5-4F33-A665-D7675C9AAEE4}.Release|Any CPU.ActiveCfg = Release|Any CPU
		{1592D845-8FE5-4F33-A665-D7675C9AAEE4}.Release|Any CPU.Build.0 = Release|Any CPU
		{23D9EC18-2DBA-4149-A951-B84786D4BFA6}.Debug|Any CPU.ActiveCfg = Debug|Any CPU
		{23D9EC18-2DBA-4149-A951-B84786D4BFA6}.Debug|Any CPU.Build.0 = Debug|Any CPU
		{23D9EC18-2DBA-4149-A951-B84786D4BFA6}.Release|Any CPU.ActiveCfg = Release|Any CPU
		{23D9EC18-2DBA-4149-A951-B84786D4BFA6}.Release|Any CPU.Build.0 = Release|Any CPU
		{F8AAA25F-6C62-4BCC-A916-9B52B9A01F52}.Debug|Any CPU.ActiveCfg = Debug|Any CPU
		{F8AAA25F-6C62-4BCC-A916-9B52B9A01F52}.Debug|Any CPU.Build.0 = Debug|Any CPU
		{F8AAA25F-6C62-4BCC-A916-9B52B9A01F52}.Release|Any CPU.ActiveCfg = Release|Any CPU
		{F8AAA25F-6C62-4BCC-A916-9B52B9A01F52}.Release|Any CPU.Build.0 = Release|Any CPU
		{CADDB981-1F47-4BAF-8718-9970E46C3018}.Debug|Any CPU.ActiveCfg = Debug|Any CPU
		{CADDB981-1F47-4BAF-8718-9970E46C3018}.Debug|Any CPU.Build.0 = Debug|Any CPU
		{CADDB981-1F47-4BAF-8718-9970E46C3018}.Release|Any CPU.ActiveCfg = Release|Any CPU
		{CADDB981-1F47-4BAF-8718-9970E46C3018}.Release|Any CPU.Build.0 = Release|Any CPU
		{223EA194-8318-4189-BEC8-73734C3F4A78}.Debug|Any CPU.ActiveCfg = Debug|Any CPU
		{223EA194-8318-4189-BEC8-73734C3F4A78}.Debug|Any CPU.Build.0 = Debug|Any CPU
		{223EA194-8318-4189-BEC8-73734C3F4A78}.Release|Any CPU.ActiveCfg = Release|Any CPU
		{223EA194-8318-4189-BEC8-73734C3F4A78}.Release|Any CPU.Build.0 = Release|Any CPU
		{C7D040E1-E18E-4F51-859F-CFF8AA57BD64}.Debug|Any CPU.ActiveCfg = Debug|Any CPU
		{C7D040E1-E18E-4F51-859F-CFF8AA57BD64}.Debug|Any CPU.Build.0 = Debug|Any CPU
		{C7D040E1-E18E-4F51-859F-CFF8AA57BD64}.Release|Any CPU.ActiveCfg = Release|Any CPU
		{C7D040E1-E18E-4F51-859F-CFF8AA57BD64}.Release|Any CPU.Build.0 = Release|Any CPU
		{301D7A68-634F-4A0E-BCF2-772F7DBB4B6E}.Debug|Any CPU.ActiveCfg = Debug|Any CPU
		{301D7A68-634F-4A0E-BCF2-772F7DBB4B6E}.Debug|Any CPU.Build.0 = Debug|Any CPU
		{301D7A68-634F-4A0E-BCF2-772F7DBB4B6E}.Release|Any CPU.ActiveCfg = Release|Any CPU
		{301D7A68-634F-4A0E-BCF2-772F7DBB4B6E}.Release|Any CPU.Build.0 = Release|Any CPU
		{76E03B47-DCA6-49D1-99C2-2EA28D3A8E78}.Debug|Any CPU.ActiveCfg = Debug|Any CPU
		{76E03B47-DCA6-49D1-99C2-2EA28D3A8E78}.Debug|Any CPU.Build.0 = Debug|Any CPU
		{76E03B47-DCA6-49D1-99C2-2EA28D3A8E78}.Release|Any CPU.ActiveCfg = Release|Any CPU
		{76E03B47-DCA6-49D1-99C2-2EA28D3A8E78}.Release|Any CPU.Build.0 = Release|Any CPU
		{C606B29A-EE61-452C-8557-9DC9B37E87D1}.Debug|Any CPU.ActiveCfg = Debug|Any CPU
		{C606B29A-EE61-452C-8557-9DC9B37E87D1}.Debug|Any CPU.Build.0 = Debug|Any CPU
		{C606B29A-EE61-452C-8557-9DC9B37E87D1}.Release|Any CPU.ActiveCfg = Release|Any CPU
		{C606B29A-EE61-452C-8557-9DC9B37E87D1}.Release|Any CPU.Build.0 = Release|Any CPU
		{0E0D1E27-9EFD-4A07-B6AA-BB556205C002}.Debug|Any CPU.ActiveCfg = Debug|Any CPU
		{0E0D1E27-9EFD-4A07-B6AA-BB556205C002}.Debug|Any CPU.Build.0 = Debug|Any CPU
		{0E0D1E27-9EFD-4A07-B6AA-BB556205C002}.Release|Any CPU.ActiveCfg = Release|Any CPU
		{0E0D1E27-9EFD-4A07-B6AA-BB556205C002}.Release|Any CPU.Build.0 = Release|Any CPU
		{DA1D2401-38BB-4822-BBCB-69873CB78395}.Debug|Any CPU.ActiveCfg = Debug|Any CPU
		{DA1D2401-38BB-4822-BBCB-69873CB78395}.Debug|Any CPU.Build.0 = Debug|Any CPU
		{DA1D2401-38BB-4822-BBCB-69873CB78395}.Release|Any CPU.ActiveCfg = Release|Any CPU
		{DA1D2401-38BB-4822-BBCB-69873CB78395}.Release|Any CPU.Build.0 = Release|Any CPU
		{F1DEE23B-7608-4AD6-B894-ED5E1EDA65D1}.Debug|Any CPU.ActiveCfg = Debug|Any CPU
		{F1DEE23B-7608-4AD6-B894-ED5E1EDA65D1}.Debug|Any CPU.Build.0 = Debug|Any CPU
		{F1DEE23B-7608-4AD6-B894-ED5E1EDA65D1}.Release|Any CPU.ActiveCfg = Release|Any CPU
		{F1DEE23B-7608-4AD6-B894-ED5E1EDA65D1}.Release|Any CPU.Build.0 = Release|Any CPU
		{DA1D2401-38BB-4822-BBCB-69873CB78394}.Debug|Any CPU.ActiveCfg = Debug|Any CPU
		{DA1D2401-38BB-4822-BBCB-69873CB78394}.Debug|Any CPU.Build.0 = Debug|Any CPU
		{DA1D2401-38BB-4822-BBCB-69873CB78394}.Release|Any CPU.ActiveCfg = Release|Any CPU
		{DA1D2401-38BB-4822-BBCB-69873CB78394}.Release|Any CPU.Build.0 = Release|Any CPU
		{C5244A21-A2F0-4505-BE96-431F045D8163}.Debug|Any CPU.ActiveCfg = Debug|Any CPU
		{C5244A21-A2F0-4505-BE96-431F045D8163}.Debug|Any CPU.Build.0 = Debug|Any CPU
		{C5244A21-A2F0-4505-BE96-431F045D8163}.Release|Any CPU.ActiveCfg = Release|Any CPU
		{C5244A21-A2F0-4505-BE96-431F045D8163}.Release|Any CPU.Build.0 = Release|Any CPU
		{0D0DC1A1-BFB6-4B97-88C6-7FB7A31533DC}.Debug|Any CPU.ActiveCfg = Debug|Any CPU
		{0D0DC1A1-BFB6-4B97-88C6-7FB7A31533DC}.Debug|Any CPU.Build.0 = Debug|Any CPU
		{0D0DC1A1-BFB6-4B97-88C6-7FB7A31533DC}.Release|Any CPU.ActiveCfg = Release|Any CPU
		{0D0DC1A1-BFB6-4B97-88C6-7FB7A31533DC}.Release|Any CPU.Build.0 = Release|Any CPU
		{DACAECFE-B190-4584-B50E-0BAAD557F0CE}.Debug|Any CPU.ActiveCfg = Debug|Any CPU
		{DACAECFE-B190-4584-B50E-0BAAD557F0CE}.Debug|Any CPU.Build.0 = Debug|Any CPU
		{DACAECFE-B190-4584-B50E-0BAAD557F0CE}.Release|Any CPU.ActiveCfg = Release|Any CPU
		{DACAECFE-B190-4584-B50E-0BAAD557F0CE}.Release|Any CPU.Build.0 = Release|Any CPU
		{A9A0B839-BF6F-4016-966A-64A6F122D65B}.Debug|Any CPU.ActiveCfg = Debug|Any CPU
		{A9A0B839-BF6F-4016-966A-64A6F122D65B}.Debug|Any CPU.Build.0 = Debug|Any CPU
		{A9A0B839-BF6F-4016-966A-64A6F122D65B}.Release|Any CPU.ActiveCfg = Release|Any CPU
		{A9A0B839-BF6F-4016-966A-64A6F122D65B}.Release|Any CPU.Build.0 = Release|Any CPU
		{EBF5270A-54CB-4328-8E54-37972920EF1D}.Debug|Any CPU.ActiveCfg = Debug|Any CPU
		{EBF5270A-54CB-4328-8E54-37972920EF1D}.Debug|Any CPU.Build.0 = Debug|Any CPU
		{EBF5270A-54CB-4328-8E54-37972920EF1D}.Release|Any CPU.ActiveCfg = Release|Any CPU
		{EBF5270A-54CB-4328-8E54-37972920EF1D}.Release|Any CPU.Build.0 = Release|Any CPU
		{334D5731-7619-471E-85C3-240831514741}.Debug|Any CPU.ActiveCfg = Debug|Any CPU
		{334D5731-7619-471E-85C3-240831514741}.Debug|Any CPU.Build.0 = Debug|Any CPU
		{334D5731-7619-471E-85C3-240831514741}.Release|Any CPU.ActiveCfg = Release|Any CPU
		{334D5731-7619-471E-85C3-240831514741}.Release|Any CPU.Build.0 = Release|Any CPU
		{436CF4FF-AE10-45DA-8909-9AACF1ED6425}.Debug|Any CPU.ActiveCfg = Debug|Any CPU
		{436CF4FF-AE10-45DA-8909-9AACF1ED6425}.Debug|Any CPU.Build.0 = Debug|Any CPU
		{436CF4FF-AE10-45DA-8909-9AACF1ED6425}.Release|Any CPU.ActiveCfg = Release|Any CPU
		{436CF4FF-AE10-45DA-8909-9AACF1ED6425}.Release|Any CPU.Build.0 = Release|Any CPU
		{0F5DAB4B-184B-4B7E-9F40-339C7F5E216F}.Debug|Any CPU.ActiveCfg = Debug|Any CPU
		{0F5DAB4B-184B-4B7E-9F40-339C7F5E216F}.Debug|Any CPU.Build.0 = Debug|Any CPU
		{0F5DAB4B-184B-4B7E-9F40-339C7F5E216F}.Release|Any CPU.ActiveCfg = Release|Any CPU
		{0F5DAB4B-184B-4B7E-9F40-339C7F5E216F}.Release|Any CPU.Build.0 = Release|Any CPU
		{83574729-6EB4-43E9-B7CC-AC5725380038}.Debug|Any CPU.ActiveCfg = Debug|Any CPU
		{83574729-6EB4-43E9-B7CC-AC5725380038}.Debug|Any CPU.Build.0 = Debug|Any CPU
		{83574729-6EB4-43E9-B7CC-AC5725380038}.Release|Any CPU.ActiveCfg = Release|Any CPU
		{83574729-6EB4-43E9-B7CC-AC5725380038}.Release|Any CPU.Build.0 = Release|Any CPU
	EndGlobalSection
	GlobalSection(SolutionProperties) = preSolution
		HideSolutionNode = FALSE
	EndGlobalSection
	GlobalSection(ExtensibilityGlobals) = postSolution
		SolutionGuid = {BBB843FD-4B1A-42DA-853F-FD2F9F3D5B35}
	EndGlobalSection
EndGlobal
